
Microsoft Visual Studio Solution File, Format Version 12.00
# Visual Studio 15
VisualStudioVersion = 15.0.27703.2042
MinimumVisualStudioVersion = 10.0.40219.1
Project("{FAE04EC0-301F-11D3-BF4B-00C04F79EFBC}") = "sex pandor - del 2", "sex pandor - del 2\sex pandor - del 2.csproj", "{8F54DC17-D5E4-462B-ADCA-B52EEB3CB117}"
EndProject
Global
	GlobalSection(SolutionConfigurationPlatforms) = preSolution
		Debug|Any CPU = Debug|Any CPU
		Release|Any CPU = Release|Any CPU
	EndGlobalSection
	GlobalSection(ProjectConfigurationPlatforms) = postSolution
		{8F54DC17-D5E4-462B-ADCA-B52EEB3CB117}.Debug|Any CPU.ActiveCfg = Debug|Any CPU
		{8F54DC17-D5E4-462B-ADCA-B52EEB3CB117}.Debug|Any CPU.Build.0 = Debug|Any CPU
		{8F54DC17-D5E4-462B-ADCA-B52EEB3CB117}.Release|Any CPU.ActiveCfg = Release|Any CPU
		{8F54DC17-D5E4-462B-ADCA-B52EEB3CB117}.Release|Any CPU.Build.0 = Release|Any CPU
	EndGlobalSection
	GlobalSection(SolutionProperties) = preSolution
		HideSolutionNode = FALSE
	EndGlobalSection
	GlobalSection(ExtensibilityGlobals) = postSolution
		SolutionGuid = {2AEC8BB1-9C83-4722-BF36-68C140589703}
	EndGlobalSection
EndGlobal
