
Microsoft Visual Studio Solution File, Format Version 12.00
# Visual Studio 15
VisualStudioVersion = 15.0.27703.2042
MinimumVisualStudioVersion = 10.0.40219.1
Project("{FAE04EC0-301F-11D3-BF4B-00C04F79EFBC}") = "6.1 Create circles", "6.1 Create circles\6.1 Create circles.csproj", "{42251A25-BEFD-4653-98B3-523045777403}"
EndProject
Global
	GlobalSection(SolutionConfigurationPlatforms) = preSolution
		Debug|Any CPU = Debug|Any CPU
		Release|Any CPU = Release|Any CPU
	EndGlobalSection
	GlobalSection(ProjectConfigurationPlatforms) = postSolution
		{42251A25-BEFD-4653-98B3-523045777403}.Debug|Any CPU.ActiveCfg = Debug|Any CPU
		{42251A25-BEFD-4653-98B3-523045777403}.Debug|Any CPU.Build.0 = Debug|Any CPU
		{42251A25-BEFD-4653-98B3-523045777403}.Release|Any CPU.ActiveCfg = Release|Any CPU
		{42251A25-BEFD-4653-98B3-523045777403}.Release|Any CPU.Build.0 = Release|Any CPU
	EndGlobalSection
	GlobalSection(SolutionProperties) = preSolution
		HideSolutionNode = FALSE
	EndGlobalSection
	GlobalSection(ExtensibilityGlobals) = postSolution
		SolutionGuid = {68F4F2A4-907F-47A2-A1BB-32DA7586E41E}
	EndGlobalSection
EndGlobal
