
Microsoft Visual Studio Solution File, Format Version 12.00
# Visual Studio 15
VisualStudioVersion = 15.0.27703.2042
MinimumVisualStudioVersion = 10.0.40219.1
Project("{FAE04EC0-301F-11D3-BF4B-00C04F79EFBC}") = "Böcker 1", "Böcker 1\Böcker 1.csproj", "{DB433BF9-DA01-44E2-A5D2-CA2CFBA6548F}"
EndProject
Global
	GlobalSection(SolutionConfigurationPlatforms) = preSolution
		Debug|Any CPU = Debug|Any CPU
		Release|Any CPU = Release|Any CPU
	EndGlobalSection
	GlobalSection(ProjectConfigurationPlatforms) = postSolution
		{DB433BF9-DA01-44E2-A5D2-CA2CFBA6548F}.Debug|Any CPU.ActiveCfg = Debug|Any CPU
		{DB433BF9-DA01-44E2-A5D2-CA2CFBA6548F}.Debug|Any CPU.Build.0 = Debug|Any CPU
		{DB433BF9-DA01-44E2-A5D2-CA2CFBA6548F}.Release|Any CPU.ActiveCfg = Release|Any CPU
		{DB433BF9-DA01-44E2-A5D2-CA2CFBA6548F}.Release|Any CPU.Build.0 = Release|Any CPU
	EndGlobalSection
	GlobalSection(SolutionProperties) = preSolution
		HideSolutionNode = FALSE
	EndGlobalSection
	GlobalSection(ExtensibilityGlobals) = postSolution
		SolutionGuid = {E0B4C8DA-27B7-4933-A36C-3052DBCAD795}
	EndGlobalSection
EndGlobal
