
Microsoft Visual Studio Solution File, Format Version 12.00
# Visual Studio 15
VisualStudioVersion = 15.0.27703.2042
MinimumVisualStudioVersion = 10.0.40219.1
Project("{FAE04EC0-301F-11D3-BF4B-00C04F79EFBC}") = "sex pandor", "sex pandor\sex pandor.csproj", "{62675FEA-FFAC-49A3-AF71-6F64E5BE77E6}"
EndProject
Global
	GlobalSection(SolutionConfigurationPlatforms) = preSolution
		Debug|Any CPU = Debug|Any CPU
		Release|Any CPU = Release|Any CPU
	EndGlobalSection
	GlobalSection(ProjectConfigurationPlatforms) = postSolution
		{62675FEA-FFAC-49A3-AF71-6F64E5BE77E6}.Debug|Any CPU.ActiveCfg = Debug|Any CPU
		{62675FEA-FFAC-49A3-AF71-6F64E5BE77E6}.Debug|Any CPU.Build.0 = Debug|Any CPU
		{62675FEA-FFAC-49A3-AF71-6F64E5BE77E6}.Release|Any CPU.ActiveCfg = Release|Any CPU
		{62675FEA-FFAC-49A3-AF71-6F64E5BE77E6}.Release|Any CPU.Build.0 = Release|Any CPU
	EndGlobalSection
	GlobalSection(SolutionProperties) = preSolution
		HideSolutionNode = FALSE
	EndGlobalSection
	GlobalSection(ExtensibilityGlobals) = postSolution
		SolutionGuid = {B1881BDB-9389-4593-B5CD-CFDEFB47D677}
	EndGlobalSection
EndGlobal
