
Microsoft Visual Studio Solution File, Format Version 12.00
# Visual Studio 15
VisualStudioVersion = 15.0.27703.2042
MinimumVisualStudioVersion = 10.0.40219.1
Project("{FAE04EC0-301F-11D3-BF4B-00C04F79EFBC}") = "NumberListToStringList", "NumberListToStringList\NumberListToStringList.csproj", "{7760232D-A36A-46F0-84B1-E1AEE3F7D29A}"
EndProject
Global
	GlobalSection(SolutionConfigurationPlatforms) = preSolution
		Debug|Any CPU = Debug|Any CPU
		Release|Any CPU = Release|Any CPU
	EndGlobalSection
	GlobalSection(ProjectConfigurationPlatforms) = postSolution
		{7760232D-A36A-46F0-84B1-E1AEE3F7D29A}.Debug|Any CPU.ActiveCfg = Debug|Any CPU
		{7760232D-A36A-46F0-84B1-E1AEE3F7D29A}.Debug|Any CPU.Build.0 = Debug|Any CPU
		{7760232D-A36A-46F0-84B1-E1AEE3F7D29A}.Release|Any CPU.ActiveCfg = Release|Any CPU
		{7760232D-A36A-46F0-84B1-E1AEE3F7D29A}.Release|Any CPU.Build.0 = Release|Any CPU
	EndGlobalSection
	GlobalSection(SolutionProperties) = preSolution
		HideSolutionNode = FALSE
	EndGlobalSection
	GlobalSection(ExtensibilityGlobals) = postSolution
		SolutionGuid = {F4BE1163-F7D8-426C-9F4E-D71BC16FBB5F}
	EndGlobalSection
EndGlobal
