
Microsoft Visual Studio Solution File, Format Version 12.00
# Visual Studio 15
VisualStudioVersion = 15.0.27703.2042
MinimumVisualStudioVersion = 10.0.40219.1
Project("{FAE04EC0-301F-11D3-BF4B-00C04F79EFBC}") = "metoder test", "metoder test\metoder test.csproj", "{02350EE8-E392-4F0C-AC6A-C1C2A44B45B4}"
EndProject
Global
	GlobalSection(SolutionConfigurationPlatforms) = preSolution
		Debug|Any CPU = Debug|Any CPU
		Release|Any CPU = Release|Any CPU
	EndGlobalSection
	GlobalSection(ProjectConfigurationPlatforms) = postSolution
		{02350EE8-E392-4F0C-AC6A-C1C2A44B45B4}.Debug|Any CPU.ActiveCfg = Debug|Any CPU
		{02350EE8-E392-4F0C-AC6A-C1C2A44B45B4}.Debug|Any CPU.Build.0 = Debug|Any CPU
		{02350EE8-E392-4F0C-AC6A-C1C2A44B45B4}.Release|Any CPU.ActiveCfg = Release|Any CPU
		{02350EE8-E392-4F0C-AC6A-C1C2A44B45B4}.Release|Any CPU.Build.0 = Release|Any CPU
	EndGlobalSection
	GlobalSection(SolutionProperties) = preSolution
		HideSolutionNode = FALSE
	EndGlobalSection
	GlobalSection(ExtensibilityGlobals) = postSolution
		SolutionGuid = {8DBFD126-34CF-465F-A1A4-4021C5CD4FC0}
	EndGlobalSection
EndGlobal
