
Microsoft Visual Studio Solution File, Format Version 12.00
# Visual Studio 15
VisualStudioVersion = 15.0.27703.2042
MinimumVisualStudioVersion = 10.0.40219.1
Project("{FAE04EC0-301F-11D3-BF4B-00C04F79EFBC}") = "Fyra pandor - del1", "Fyra pandor - del1\Fyra pandor - del1.csproj", "{0E0313DA-F75A-4C16-ADE5-09427BBBCC78}"
EndProject
Global
	GlobalSection(SolutionConfigurationPlatforms) = preSolution
		Debug|Any CPU = Debug|Any CPU
		Release|Any CPU = Release|Any CPU
	EndGlobalSection
	GlobalSection(ProjectConfigurationPlatforms) = postSolution
		{0E0313DA-F75A-4C16-ADE5-09427BBBCC78}.Debug|Any CPU.ActiveCfg = Debug|Any CPU
		{0E0313DA-F75A-4C16-ADE5-09427BBBCC78}.Debug|Any CPU.Build.0 = Debug|Any CPU
		{0E0313DA-F75A-4C16-ADE5-09427BBBCC78}.Release|Any CPU.ActiveCfg = Release|Any CPU
		{0E0313DA-F75A-4C16-ADE5-09427BBBCC78}.Release|Any CPU.Build.0 = Release|Any CPU
	EndGlobalSection
	GlobalSection(SolutionProperties) = preSolution
		HideSolutionNode = FALSE
	EndGlobalSection
	GlobalSection(ExtensibilityGlobals) = postSolution
		SolutionGuid = {85FD0CF9-D5D4-45BC-BE32-A80DEF820915}
	EndGlobalSection
EndGlobal
